# THIS IS AN AUTOGENERATED FILE. DO NOT EDIT THIS FILE DIRECTLY.
# yarn lockfile v1


"@babel/helper-builder-react-jsx@7.0.0-beta.46":
  version "7.0.0-beta.46"
  resolved "https://registry.yarnpkg.com/@babel/helper-builder-react-jsx/-/helper-builder-react-jsx-7.0.0-beta.46.tgz#d399c1892f48bbe68ce6ccca14b127b00cbc656f"
  dependencies:
    "@babel/types" "7.0.0-beta.46"
    esutils "^2.0.0"

"@babel/helper-plugin-utils@7.0.0-beta.46":
  version "7.0.0-beta.46"
  resolved "https://registry.yarnpkg.com/@babel/helper-plugin-utils/-/helper-plugin-utils-7.0.0-beta.46.tgz#f630adbd9d645d0ba2e43f4955b4ad61f44ccdf4"

"@babel/plugin-syntax-jsx@7.0.0-beta.46", "@babel/plugin-syntax-jsx@^7.0.0-beta.46":
  version "7.0.0-beta.46"
  resolved "https://registry.yarnpkg.com/@babel/plugin-syntax-jsx/-/plugin-syntax-jsx-7.0.0-beta.46.tgz#ed2e8a43716e7904ae33dca71d5f2b436f0f25e8"
  dependencies:
    "@babel/helper-plugin-utils" "7.0.0-beta.46"

"@babel/plugin-transform-react-jsx@^7.0.0-beta.46":
  version "7.0.0-beta.46"
  resolved "https://registry.yarnpkg.com/@babel/plugin-transform-react-jsx/-/plugin-transform-react-jsx-7.0.0-beta.46.tgz#9aa0c491ced30a0d1a8414da2d45462c66912d1e"
  dependencies:
    "@babel/helper-builder-react-jsx" "7.0.0-beta.46"
    "@babel/helper-plugin-utils" "7.0.0-beta.46"
    "@babel/plugin-syntax-jsx" "7.0.0-beta.46"

"@babel/types@7.0.0-beta.46":
  version "7.0.0-beta.46"
  resolved "https://registry.yarnpkg.com/@babel/types/-/types-7.0.0-beta.46.tgz#eb84399a699af9fcb244440cce78e1acbeb40e0c"
  dependencies:
    esutils "^2.0.2"
    lodash "^4.2.0"
    to-fast-properties "^2.0.0"

esutils@^2.0.0, esutils@^2.0.2:
  version "2.0.2"
  resolved "https://registry.yarnpkg.com/esutils/-/esutils-2.0.2.tgz#0abf4f1caa5bcb1f7a9d8acc6dea4faaa04bac9b"

lodash@^4.2.0:
  version "4.17.5"
  resolved "https://registry.yarnpkg.com/lodash/-/lodash-4.17.5.tgz#99a92d65c0272debe8c96b6057bc8fbfa3bed511"

to-fast-properties@^2.0.0:
  version "2.0.0"
  resolved "https://registry.yarnpkg.com/to-fast-properties/-/to-fast-properties-2.0.0.tgz#dc5e698cbd079265bc73e0377681a4e4e83f616e"
